
Microsoft Visual Studio Solution File, Format Version 10.00
# Visual Studio 2008
Project("{FAE04EC0-301F-11D3-BF4B-00C04F79EFBC}") = "pdt-nvx-device", "pdt-nvx-device\pdt-nvx-device.csproj", "{9935E66D-9FCE-4754-A6B9-8E7B925BE3F1}"
EndProject
Global
	GlobalSection(SolutionConfigurationPlatforms) = preSolution
		Debug|Any CPU = Debug|Any CPU
		Release|Any CPU = Release|Any CPU
	EndGlobalSection
	GlobalSection(ProjectConfigurationPlatforms) = postSolution
		{9935E66D-9FCE-4754-A6B9-8E7B925BE3F1}.Debug|Any CPU.ActiveCfg = Debug|Any CPU
		{9935E66D-9FCE-4754-A6B9-8E7B925BE3F1}.Debug|Any CPU.Build.0 = Debug|Any CPU
		{9935E66D-9FCE-4754-A6B9-8E7B925BE3F1}.Release|Any CPU.ActiveCfg = Release|Any CPU
		{9935E66D-9FCE-4754-A6B9-8E7B925BE3F1}.Release|Any CPU.Build.0 = Release|Any CPU
	EndGlobalSection
	GlobalSection(SolutionProperties) = preSolution
		HideSolutionNode = FALSE
	EndGlobalSection
EndGlobal
